
Microsoft Visual Studio Solution File, Format Version 12.00
# Visual Studio Version 17
VisualStudioVersion = 17.3.32825.248
MinimumVisualStudioVersion = 10.0.40219.1
Project("{8BC9CEB8-8B4A-11D0-8D11-00A0C91BC942}") = "Zeus", "Zeus\Zeus.vcxproj", "{F2705CC6-9C02-4279-8F5D-B07C35477E50}"
EndProject
Global
	GlobalSection(SolutionConfigurationPlatforms) = preSolution
		Debug|x64 = Debug|x64
		Debug|x86 = Debug|x86
		Release|x64 = Release|x64
		Release|x86 = Release|x86
	EndGlobalSection
	GlobalSection(ProjectConfigurationPlatforms) = postSolution
		{F2705CC6-9C02-4279-8F5D-B07C35477E50}.Debug|x64.ActiveCfg = Debug|x64
		{F2705CC6-9C02-4279-8F5D-B07C35477E50}.Debug|x64.Build.0 = Debug|x64
		{F2705CC6-9C02-4279-8F5D-B07C35477E50}.Debug|x86.ActiveCfg = Debug|Win32
		{F2705CC6-9C02-4279-8F5D-B07C35477E50}.Debug|x86.Build.0 = Debug|Win32
		{F2705CC6-9C02-4279-8F5D-B07C35477E50}.Release|x64.ActiveCfg = Release|x64
		{F2705CC6-9C02-4279-8F5D-B07C35477E50}.Release|x64.Build.0 = Release|x64
		{F2705CC6-9C02-4279-8F5D-B07C35477E50}.Release|x86.ActiveCfg = Release|Win32
		{F2705CC6-9C02-4279-8F5D-B07C35477E50}.Release|x86.Build.0 = Release|Win32
	EndGlobalSection
	GlobalSection(SolutionProperties) = preSolution
		HideSolutionNode = FALSE
	EndGlobalSection
	GlobalSection(ExtensibilityGlobals) = postSolution
		SolutionGuid = {42A9D99F-F8AD-4F71-AE41-6AC30C3E8BE4}
	EndGlobalSection
EndGlobal
